// !$*UTF8*$!
{
	archiveVersion = 1;
	classes = {
	};
	objectVersion = 56;
	objects = {

/* Begin PBXBuildFile section */
		DC9200A62B69B5E60029F569 /* LandmarksApp.swift in Sources */ = {isa = PBXBuildFile; fileRef = DC9200A52B69B5E60029F569 /* LandmarksApp.swift */; };
		DC9200A82B69B5E60029F569 /* ContentView.swift in Sources */ = {isa = PBXBuildFile; fileRef = DC9200A72B69B5E60029F569 /* ContentView.swift */; };
		DC9200AA2B69B5E70029F569 /* Assets.xcassets in Resources */ = {isa = PBXBuildFile; fileRef = DC9200A92B69B5E70029F569 /* Assets.xcassets */; };
		DC9200AD2B69B5E70029F569 /* Preview Assets.xcassets in Resources */ = {isa = PBXBuildFile; fileRef = DC9200AC2B69B5E70029F569 /* Preview Assets.xcassets */; };
		DC9200B72B69B5E80029F569 /* LandmarksTests.swift in Sources */ = {isa = PBXBuildFile; fileRef = DC9200B62B69B5E80029F569 /* LandmarksTests.swift */; };
		DC9200C12B69B5E80029F569 /* LandmarksUITests.swift in Sources */ = {isa = PBXBuildFile; fileRef = DC9200C02B69B5E80029F569 /* LandmarksUITests.swift */; };
		DC9200C32B69B5E80029F569 /* LandmarksUITestsLaunchTests.swift in Sources */ = {isa = PBXBuildFile; fileRef = DC9200C22B69B5E80029F569 /* LandmarksUITestsLaunchTests.swift */; };
		DC9200D02B69BA280029F569 /* CircleImage.swift in Sources */ = {isa = PBXBuildFile; fileRef = DC9200CF2B69BA280029F569 /* CircleImage.swift */; };
		DC9200D22B69FF510029F569 /* MapView.swift in Sources */ = {isa = PBXBuildFile; fileRef = DC9200D12B69FF510029F569 /* MapView.swift */; };
		DC9200D42B6ABCC00029F569 /* landmarkData.json in Resources */ = {isa = PBXBuildFile; fileRef = DC9200D32B6ABCC00029F569 /* landmarkData.json */; };
		DC9200D62B6ABD220029F569 /* Landmark.swift in Sources */ = {isa = PBXBuildFile; fileRef = DC9200D52B6ABD220029F569 /* Landmark.swift */; };
		DC9200EE2B6ABE910029F569 /* ModelData.swift in Sources */ = {isa = PBXBuildFile; fileRef = DC9200ED2B6ABE910029F569 /* ModelData.swift */; };
		DC9200F22B6ABFAE0029F569 /* LandmarkRow.swift in Sources */ = {isa = PBXBuildFile; fileRef = DC9200F12B6ABFAE0029F569 /* LandmarkRow.swift */; };
		DC9200F42B6ACABA0029F569 /* LandmarkList.swift in Sources */ = {isa = PBXBuildFile; fileRef = DC9200F32B6ACABA0029F569 /* LandmarkList.swift */; };
		DC9200F62B6ACDD70029F569 /* LandmarkDetail.swift in Sources */ = {isa = PBXBuildFile; fileRef = DC9200F52B6ACDD70029F569 /* LandmarkDetail.swift */; };
/* End PBXBuildFile section */

/* Begin PBXContainerItemProxy section */
		DC9200B32B69B5E80029F569 /* PBXContainerItemProxy */ = {
			isa = PBXContainerItemProxy;
			containerPortal = DC92009A2B69B5E60029F569 /* Project object */;
			proxyType = 1;
			remoteGlobalIDString = DC9200A12B69B5E60029F569;
			remoteInfo = Landmarks;
		};
		DC9200BD2B69B5E80029F569 /* PBXContainerItemProxy */ = {
			isa = PBXContainerItemProxy;
			containerPortal = DC92009A2B69B5E60029F569 /* Project object */;
			proxyType = 1;
			remoteGlobalIDString = DC9200A12B69B5E60029F569;
			remoteInfo = Landmarks;
		};
/* End PBXContainerItemProxy section */

/* Begin PBXFileReference section */
		DC9200A22B69B5E60029F569 /* Landmarks.app */ = {isa = PBXFileReference; explicitFileType = wrapper.application; includeInIndex = 0; path = Landmarks.app; sourceTree = BUILT_PRODUCTS_DIR; };
		DC9200A52B69B5E60029F569 /* LandmarksApp.swift */ = {isa = PBXFileReference; lastKnownFileType = sourcecode.swift; path = LandmarksApp.swift; sourceTree = "<group>"; };
		DC9200A72B69B5E60029F569 /* ContentView.swift */ = {isa = PBXFileReference; lastKnownFileType = sourcecode.swift; path = ContentView.swift; sourceTree = "<group>"; };
		DC9200A92B69B5E70029F569 /* Assets.xcassets */ = {isa = PBXFileReference; lastKnownFileType = folder.assetcatalog; path = Assets.xcassets; sourceTree = "<group>"; };
		DC9200AC2B69B5E70029F569 /* Preview Assets.xcassets */ = {isa = PBXFileReference; lastKnownFileType = folder.assetcatalog; path = "Preview Assets.xcassets"; sourceTree = "<group>"; };
		DC9200B22B69B5E80029F569 /* LandmarksTests.xctest */ = {isa = PBXFileReference; explicitFileType = wrapper.cfbundle; includeInIndex = 0; path = LandmarksTests.xctest; sourceTree = BUILT_PRODUCTS_DIR; };
		DC9200B62B69B5E80029F569 /* LandmarksTests.swift */ = {isa = PBXFileReference; lastKnownFileType = sourcecode.swift; path = LandmarksTests.swift; sourceTree = "<group>"; };
		DC9200BC2B69B5E80029F569 /* LandmarksUITests.xctest */ = {isa = PBXFileReference; explicitFileType = wrapper.cfbundle; includeInIndex = 0; path = LandmarksUITests.xctest; sourceTree = BUILT_PRODUCTS_DIR; };
		DC9200C02B69B5E80029F569 /* LandmarksUITests.swift */ = {isa = PBXFileReference; lastKnownFileType = sourcecode.swift; path = LandmarksUITests.swift; sourceTree = "<group>"; };
		DC9200C22B69B5E80029F569 /* LandmarksUITestsLaunchTests.swift */ = {isa = PBXFileReference; lastKnownFileType = sourcecode.swift; path = LandmarksUITestsLaunchTests.swift; sourceTree = "<group>"; };
		DC9200CF2B69BA280029F569 /* CircleImage.swift */ = {isa = PBXFileReference; lastKnownFileType = sourcecode.swift; path = CircleImage.swift; sourceTree = "<group>"; };
		DC9200D12B69FF510029F569 /* MapView.swift */ = {isa = PBXFileReference; lastKnownFileType = sourcecode.swift; path = MapView.swift; sourceTree = "<group>"; };
		DC9200D32B6ABCC00029F569 /* landmarkData.json */ = {isa = PBXFileReference; fileEncoding = 4; lastKnownFileType = text.json; name = landmarkData.json; path = BuildingListsAndNavigation/Resources/landmarkData.json; sourceTree = SOURCE_ROOT; };
		DC9200D52B6ABD220029F569 /* Landmark.swift */ = {isa = PBXFileReference; lastKnownFileType = sourcecode.swift; path = Landmark.swift; sourceTree = "<group>"; };
		DC9200ED2B6ABE910029F569 /* ModelData.swift */ = {isa = PBXFileReference; lastKnownFileType = sourcecode.swift; path = ModelData.swift; sourceTree = "<group>"; };
		DC9200F12B6ABFAE0029F569 /* LandmarkRow.swift */ = {isa = PBXFileReference; lastKnownFileType = sourcecode.swift; path = LandmarkRow.swift; sourceTree = "<group>"; };
		DC9200F32B6ACABA0029F569 /* LandmarkList.swift */ = {isa = PBXFileReference; lastKnownFileType = sourcecode.swift; path = LandmarkList.swift; sourceTree = "<group>"; };
		DC9200F52B6ACDD70029F569 /* LandmarkDetail.swift */ = {isa = PBXFileReference; lastKnownFileType = sourcecode.swift; path = LandmarkDetail.swift; sourceTree = "<group>"; };
/* End PBXFileReference section */

/* Begin PBXFrameworksBuildPhase section */
		DC92009F2B69B5E60029F569 /* Frameworks */ = {
			isa = PBXFrameworksBuildPhase;
			buildActionMask = 2147483647;
			files = (
			);
			runOnlyForDeploymentPostprocessing = 0;
		};
		DC9200AF2B69B5E80029F569 /* Frameworks */ = {
			isa = PBXFrameworksBuildPhase;
			buildActionMask = 2147483647;
			files = (
			);
			runOnlyForDeploymentPostprocessing = 0;
		};
		DC9200B92B69B5E80029F569 /* Frameworks */ = {
			isa = PBXFrameworksBuildPhase;
			buildActionMask = 2147483647;
			files = (
			);
			runOnlyForDeploymentPostprocessing = 0;
		};
/* End PBXFrameworksBuildPhase section */

/* Begin PBXGroup section */
		DC9200992B69B5E60029F569 = {
			isa = PBXGroup;
			children = (
				DC9200A42B69B5E60029F569 /* Landmarks */,
				DC9200B52B69B5E80029F569 /* LandmarksTests */,
				DC9200BF2B69B5E80029F569 /* LandmarksUITests */,
				DC9200A32B69B5E60029F569 /* Products */,
			);
			sourceTree = "<group>";
		};
		DC9200A32B69B5E60029F569 /* Products */ = {
			isa = PBXGroup;
			children = (
				DC9200A22B69B5E60029F569 /* Landmarks.app */,
				DC9200B22B69B5E80029F569 /* LandmarksTests.xctest */,
				DC9200BC2B69B5E80029F569 /* LandmarksUITests.xctest */,
			);
			name = Products;
			sourceTree = "<group>";
		};
		DC9200A42B69B5E60029F569 /* Landmarks */ = {
			isa = PBXGroup;
			children = (
				DC9200F02B6ABF080029F569 /* Model */,
				DC9200EF2B6ABEFB0029F569 /* Views */,
				DC9200D32B6ABCC00029F569 /* landmarkData.json */,
				DC9200A52B69B5E60029F569 /* LandmarksApp.swift */,
				DC9200A92B69B5E70029F569 /* Assets.xcassets */,
				DC9200AB2B69B5E70029F569 /* Preview Content */,
			);
			path = Landmarks;
			sourceTree = "<group>";
		};
		DC9200AB2B69B5E70029F569 /* Preview Content */ = {
			isa = PBXGroup;
			children = (
				DC9200AC2B69B5E70029F569 /* Preview Assets.xcassets */,
			);
			path = "Preview Content";
			sourceTree = "<group>";
		};
		DC9200B52B69B5E80029F569 /* LandmarksTests */ = {
			isa = PBXGroup;
			children = (
				DC9200B62B69B5E80029F569 /* LandmarksTests.swift */,
			);
			path = LandmarksTests;
			sourceTree = "<group>";
		};
		DC9200BF2B69B5E80029F569 /* LandmarksUITests */ = {
			isa = PBXGroup;
			children = (
				DC9200C02B69B5E80029F569 /* LandmarksUITests.swift */,
				DC9200C22B69B5E80029F569 /* LandmarksUITestsLaunchTests.swift */,
			);
			path = LandmarksUITests;
			sourceTree = "<group>";
		};
		DC9200EF2B6ABEFB0029F569 /* Views */ = {
			isa = PBXGroup;
			children = (
				DC9200D12B69FF510029F569 /* MapView.swift */,
				DC9200CF2B69BA280029F569 /* CircleImage.swift */,
				DC9200A72B69B5E60029F569 /* ContentView.swift */,
				DC9200F12B6ABFAE0029F569 /* LandmarkRow.swift */,
				DC9200F32B6ACABA0029F569 /* LandmarkList.swift */,
				DC9200F52B6ACDD70029F569 /* LandmarkDetail.swift */,
			);
			path = Views;
			sourceTree = "<group>";
		};
		DC9200F02B6ABF080029F569 /* Model */ = {
			isa = PBXGroup;
			children = (
				DC9200ED2B6ABE910029F569 /* ModelData.swift */,
				DC9200D52B6ABD220029F569 /* Landmark.swift */,
			);
			path = Model;
			sourceTree = "<group>";
		};
/* End PBXGroup section */

/* Begin PBXNativeTarget section */
		DC9200A12B69B5E60029F569 /* Landmarks */ = {
			isa = PBXNativeTarget;
			buildConfigurationList = DC9200C62B69B5E80029F569 /* Build configuration list for PBXNativeTarget "Landmarks" */;
			buildPhases = (
				DC92009E2B69B5E60029F569 /* Sources */,
				DC92009F2B69B5E60029F569 /* Frameworks */,
				DC9200A02B69B5E60029F569 /* Resources */,
			);
			buildRules = (
			);
			dependencies = (
			);
			name = Landmarks;
			productName = Landmarks;
			productReference = DC9200A22B69B5E60029F569 /* Landmarks.app */;
			productType = "com.apple.product-type.application";
		};
		DC9200B12B69B5E80029F569 /* LandmarksTests */ = {
			isa = PBXNativeTarget;
			buildConfigurationList = DC9200C92B69B5E80029F569 /* Build configuration list for PBXNativeTarget "LandmarksTests" */;
			buildPhases = (
				DC9200AE2B69B5E80029F569 /* Sources */,
				DC9200AF2B69B5E80029F569 /* Frameworks */,
				DC9200B02B69B5E80029F569 /* Resources */,
			);
			buildRules = (
			);
			dependencies = (
				DC9200B42B69B5E80029F569 /* PBXTargetDependency */,
			);
			name = LandmarksTests;
			productName = LandmarksTests;
			productReference = DC9200B22B69B5E80029F569 /* LandmarksTests.xctest */;
			productType = "com.apple.product-type.bundle.unit-test";
		};
		DC9200BB2B69B5E80029F569 /* LandmarksUITests */ = {
			isa = PBXNativeTarget;
			buildConfigurationList = DC9200CC2B69B5E80029F569 /* Build configuration list for PBXNativeTarget "LandmarksUITests" */;
			buildPhases = (
				DC9200B82B69B5E80029F569 /* Sources */,
				DC9200B92B69B5E80029F569 /* Frameworks */,
				DC9200BA2B69B5E80029F569 /* Resources */,
			);
			buildRules = (
			);
			dependencies = (
				DC9200BE2B69B5E80029F569 /* PBXTargetDependency */,
			);
			name = LandmarksUITests;
			productName = LandmarksUITests;
			productReference = DC9200BC2B69B5E80029F569 /* LandmarksUITests.xctest */;
			productType = "com.apple.product-type.bundle.ui-testing";
		};
/* End PBXNativeTarget section */

/* Begin PBXProject section */
		DC92009A2B69B5E60029F569 /* Project object */ = {
			isa = PBXProject;
			attributes = {
				BuildIndependentTargetsInParallel = 1;
				LastSwiftUpdateCheck = 1520;
				LastUpgradeCheck = 1520;
				TargetAttributes = {
					DC9200A12B69B5E60029F569 = {
						CreatedOnToolsVersion = 15.2;
					};
					DC9200B12B69B5E80029F569 = {
						CreatedOnToolsVersion = 15.2;
						TestTargetID = DC9200A12B69B5E60029F569;
					};
					DC9200BB2B69B5E80029F569 = {
						CreatedOnToolsVersion = 15.2;
						TestTargetID = DC9200A12B69B5E60029F569;
					};
				};
			};
			buildConfigurationList = DC92009D2B69B5E60029F569 /* Build configuration list for PBXProject "Landmarks" */;
			compatibilityVersion = "Xcode 14.0";
			developmentRegion = en;
			hasScannedForEncodings = 0;
			knownRegions = (
				en,
				Base,
			);
			mainGroup = DC9200992B69B5E60029F569;
			productRefGroup = DC9200A32B69B5E60029F569 /* Products */;
			projectDirPath = "";
			projectRoot = "";
			targets = (
				DC9200A12B69B5E60029F569 /* Landmarks */,
				DC9200B12B69B5E80029F569 /* LandmarksTests */,
				DC9200BB2B69B5E80029F569 /* LandmarksUITests */,
			);
		};
/* End PBXProject section */

/* Begin PBXResourcesBuildPhase section */
		DC9200A02B69B5E60029F569 /* Resources */ = {
			isa = PBXResourcesBuildPhase;
			buildActionMask = 2147483647;
			files = (
				DC9200AD2B69B5E70029F569 /* Preview Assets.xcassets in Resources */,
				DC9200AA2B69B5E70029F569 /* Assets.xcassets in Resources */,
				DC9200D42B6ABCC00029F569 /* landmarkData.json in Resources */,
			);
			runOnlyForDeploymentPostprocessing = 0;
		};
		DC9200B02B69B5E80029F569 /* Resources */ = {
			isa = PBXResourcesBuildPhase;
			buildActionMask = 2147483647;
			files = (
			);
			runOnlyForDeploymentPostprocessing = 0;
		};
		DC9200BA2B69B5E80029F569 /* Resources */ = {
			isa = PBXResourcesBuildPhase;
			buildActionMask = 2147483647;
			files = (
			);
			runOnlyForDeploymentPostprocessing = 0;
		};
/* End PBXResourcesBuildPhase section */

/* Begin PBXSourcesBuildPhase section */
		DC92009E2B69B5E60029F569 /* Sources */ = {
			isa = PBXSourcesBuildPhase;
			buildActionMask = 2147483647;
			files = (
				DC9200A82B69B5E60029F569 /* ContentView.swift in Sources */,
				DC9200D22B69FF510029F569 /* MapView.swift in Sources */,
				DC9200A62B69B5E60029F569 /* LandmarksApp.swift in Sources */,
				DC9200F42B6ACABA0029F569 /* LandmarkList.swift in Sources */,
				DC9200F62B6ACDD70029F569 /* LandmarkDetail.swift in Sources */,
				DC9200D02B69BA280029F569 /* CircleImage.swift in Sources */,
				DC9200D62B6ABD220029F569 /* Landmark.swift in Sources */,
				DC9200F22B6ABFAE0029F569 /* LandmarkRow.swift in Sources */,
				DC9200EE2B6ABE910029F569 /* ModelData.swift in Sources */,
			);
			runOnlyForDeploymentPostprocessing = 0;
		};
		DC9200AE2B69B5E80029F569 /* Sources */ = {
			isa = PBXSourcesBuildPhase;
			buildActionMask = 2147483647;
			files = (
				DC9200B72B69B5E80029F569 /* LandmarksTests.swift in Sources */,
			);
			runOnlyForDeploymentPostprocessing = 0;
		};
		DC9200B82B69B5E80029F569 /* Sources */ = {
			isa = PBXSourcesBuildPhase;
			buildActionMask = 2147483647;
			files = (
				DC9200C32B69B5E80029F569 /* LandmarksUITestsLaunchTests.swift in Sources */,
				DC9200C12B69B5E80029F569 /* LandmarksUITests.swift in Sources */,
			);
			runOnlyForDeploymentPostprocessing = 0;
		};
/* End PBXSourcesBuildPhase section */

/* Begin PBXTargetDependency section */
		DC9200B42B69B5E80029F569 /* PBXTargetDependency */ = {
			isa = PBXTargetDependency;
			target = DC9200A12B69B5E60029F569 /* Landmarks */;
			targetProxy = DC9200B32B69B5E80029F569 /* PBXContainerItemProxy */;
		};
		DC9200BE2B69B5E80029F569 /* PBXTargetDependency */ = {
			isa = PBXTargetDependency;
			target = DC9200A12B69B5E60029F569 /* Landmarks */;
			targetProxy = DC9200BD2B69B5E80029F569 /* PBXContainerItemProxy */;
		};
/* End PBXTargetDependency section */

/* Begin XCBuildConfiguration section */
		DC9200C42B69B5E80029F569 /* Debug */ = {
			isa = XCBuildConfiguration;
			buildSettings = {
				ALWAYS_SEARCH_USER_PATHS = NO;
				ASSETCATALOG_COMPILER_GENERATE_SWIFT_ASSET_SYMBOL_EXTENSIONS = YES;
				CLANG_ANALYZER_NONNULL = YES;
				CLANG_ANALYZER_NUMBER_OBJECT_CONVERSION = YES_AGGRESSIVE;
				CLANG_CXX_LANGUAGE_STANDARD = "gnu++20";
				CLANG_ENABLE_MODULES = YES;
				CLANG_ENABLE_OBJC_ARC = YES;
				CLANG_ENABLE_OBJC_WEAK = YES;
				CLANG_WARN_BLOCK_CAPTURE_AUTORELEASING = YES;
				CLANG_WARN_BOOL_CONVERSION = YES;
				CLANG_WARN_COMMA = YES;
				CLANG_WARN_CONSTANT_CONVERSION = YES;
				CLANG_WARN_DEPRECATED_OBJC_IMPLEMENTATIONS = YES;
				CLANG_WARN_DIRECT_OBJC_ISA_USAGE = YES_ERROR;
				CLANG_WARN_DOCUMENTATION_COMMENTS = YES;
				CLANG_WARN_EMPTY_BODY = YES;
				CLANG_WARN_ENUM_CONVERSION = YES;
				CLANG_WARN_INFINITE_RECURSION = YES;
				CLANG_WARN_INT_CONVERSION = YES;
				CLANG_WARN_NON_LITERAL_NULL_CONVERSION = YES;
				CLANG_WARN_OBJC_IMPLICIT_RETAIN_SELF = YES;
				CLANG_WARN_OBJC_LITERAL_CONVERSION = YES;
				CLANG_WARN_OBJC_ROOT_CLASS = YES_ERROR;
				CLANG_WARN_QUOTED_INCLUDE_IN_FRAMEWORK_HEADER = YES;
				CLANG_WARN_RANGE_LOOP_ANALYSIS = YES;
				CLANG_WARN_STRICT_PROTOTYPES = YES;
				CLANG_WARN_SUSPICIOUS_MOVE = YES;
				CLANG_WARN_UNGUARDED_AVAILABILITY = YES_AGGRESSIVE;
				CLANG_WARN_UNREACHABLE_CODE = YES;
				CLANG_WARN__DUPLICATE_METHOD_MATCH = YES;
				COPY_PHASE_STRIP = NO;
				DEBUG_INFORMATION_FORMAT = dwarf;
				ENABLE_STRICT_OBJC_MSGSEND = YES;
				ENABLE_TESTABILITY = YES;
				ENABLE_USER_SCRIPT_SANDBOXING = YES;
				GCC_C_LANGUAGE_STANDARD = gnu17;
				GCC_DYNAMIC_NO_PIC = NO;
				GCC_NO_COMMON_BLOCKS = YES;
				GCC_OPTIMIZATION_LEVEL = 0;
				GCC_PREPROCESSOR_DEFINITIONS = (
					"DEBUG=1",
					"$(inherited)",
				);
				GCC_WARN_64_TO_32_BIT_CONVERSION = YES;
				GCC_WARN_ABOUT_RETURN_TYPE = YES_ERROR;
				GCC_WARN_UNDECLARED_SELECTOR = YES;
				GCC_WARN_UNINITIALIZED_AUTOS = YES_AGGRESSIVE;
				GCC_WARN_UNUSED_FUNCTION = YES;
				GCC_WARN_UNUSED_VARIABLE = YES;
				IPHONEOS_DEPLOYMENT_TARGET = 17.2;
				LOCALIZATION_PREFERS_STRING_CATALOGS = YES;
				MTL_ENABLE_DEBUG_INFO = INCLUDE_SOURCE;
				MTL_FAST_MATH = YES;
				ONLY_ACTIVE_ARCH = YES;
				SDKROOT = iphoneos;
				SWIFT_ACTIVE_COMPILATION_CONDITIONS = "DEBUG $(inherited)";
				SWIFT_OPTIMIZATION_LEVEL = "-Onone";
			};
			name = Debug;
		};
		DC9200C52B69B5E80029F569 /* Release */ = {
			isa = XCBuildConfiguration;
			buildSettings = {
				ALWAYS_SEARCH_USER_PATHS = NO;
				ASSETCATALOG_COMPILER_GENERATE_SWIFT_ASSET_SYMBOL_EXTENSIONS = YES;
				CLANG_ANALYZER_NONNULL = YES;
				CLANG_ANALYZER_NUMBER_OBJECT_CONVERSION = YES_AGGRESSIVE;
				CLANG_CXX_LANGUAGE_STANDARD = "gnu++20";
				CLANG_ENABLE_MODULES = YES;
				CLANG_ENABLE_OBJC_ARC = YES;
				CLANG_ENABLE_OBJC_WEAK = YES;
				CLANG_WARN_BLOCK_CAPTURE_AUTORELEASING = YES;
				CLANG_WARN_BOOL_CONVERSION = YES;
				CLANG_WARN_COMMA = YES;
				CLANG_WARN_CONSTANT_CONVERSION = YES;
				CLANG_WARN_DEPRECATED_OBJC_IMPLEMENTATIONS = YES;
				CLANG_WARN_DIRECT_OBJC_ISA_USAGE = YES_ERROR;
				CLANG_WARN_DOCUMENTATION_COMMENTS = YES;
				CLANG_WARN_EMPTY_BODY = YES;
				CLANG_WARN_ENUM_CONVERSION = YES;
				CLANG_WARN_INFINITE_RECURSION = YES;
				CLANG_WARN_INT_CONVERSION = YES;
				CLANG_WARN_NON_LITERAL_NULL_CONVERSION = YES;
				CLANG_WARN_OBJC_IMPLICIT_RETAIN_SELF = YES;
				CLANG_WARN_OBJC_LITERAL_CONVERSION = YES;
				CLANG_WARN_OBJC_ROOT_CLASS = YES_ERROR;
				CLANG_WARN_QUOTED_INCLUDE_IN_FRAMEWORK_HEADER = YES;
				CLANG_WARN_RANGE_LOOP_ANALYSIS = YES;
				CLANG_WARN_STRICT_PROTOTYPES = YES;
				CLANG_WARN_SUSPICIOUS_MOVE = YES;
				CLANG_WARN_UNGUARDED_AVAILABILITY = YES_AGGRESSIVE;
				CLANG_WARN_UNREACHABLE_CODE = YES;
				CLANG_WARN__DUPLICATE_METHOD_MATCH = YES;
				COPY_PHASE_STRIP = NO;
				DEBUG_INFORMATION_FORMAT = "dwarf-with-dsym";
				ENABLE_NS_ASSERTIONS = NO;
				ENABLE_STRICT_OBJC_MSGSEND = YES;
				ENABLE_USER_SCRIPT_SANDBOXING = YES;
				GCC_C_LANGUAGE_STANDARD = gnu17;
				GCC_NO_COMMON_BLOCKS = YES;
				GCC_WARN_64_TO_32_BIT_CONVERSION = YES;
				GCC_WARN_ABOUT_RETURN_TYPE = YES_ERROR;
				GCC_WARN_UNDECLARED_SELECTOR = YES;
				GCC_WARN_UNINITIALIZED_AUTOS = YES_AGGRESSIVE;
				GCC_WARN_UNUSED_FUNCTION = YES;
				GCC_WARN_UNUSED_VARIABLE = YES;
				IPHONEOS_DEPLOYMENT_TARGET = 17.2;
				LOCALIZATION_PREFERS_STRING_CATALOGS = YES;
				MTL_ENABLE_DEBUG_INFO = NO;
				MTL_FAST_MATH = YES;
				SDKROOT = iphoneos;
				SWIFT_COMPILATION_MODE = wholemodule;
				VALIDATE_PRODUCT = YES;
			};
			name = Release;
		};
		DC9200C72B69B5E80029F569 /* Debug */ = {
			isa = XCBuildConfiguration;
			buildSettings = {
				ASSETCATALOG_COMPILER_APPICON_NAME = AppIcon;
				ASSETCATALOG_COMPILER_GLOBAL_ACCENT_COLOR_NAME = AccentColor;
				CODE_SIGN_STYLE = Automatic;
				CURRENT_PROJECT_VERSION = 1;
				DEVELOPMENT_ASSET_PATHS = "\"Landmarks/Preview Content\"";
				DEVELOPMENT_TEAM = W6RE5A969R;
				ENABLE_PREVIEWS = YES;
				GENERATE_INFOPLIST_FILE = YES;
				INFOPLIST_KEY_UIApplicationSceneManifest_Generation = YES;
				INFOPLIST_KEY_UIApplicationSupportsIndirectInputEvents = YES;
				INFOPLIST_KEY_UILaunchScreen_Generation = YES;
				INFOPLIST_KEY_UISupportedInterfaceOrientations_iPad = "UIInterfaceOrientationPortrait UIInterfaceOrientationPortraitUpsideDown UIInterfaceOrientationLandscapeLeft UIInterfaceOrientationLandscapeRight";
				INFOPLIST_KEY_UISupportedInterfaceOrientations_iPhone = "UIInterfaceOrientationPortrait UIInterfaceOrientationLandscapeLeft UIInterfaceOrientationLandscapeRight";
				LD_RUNPATH_SEARCH_PATHS = (
					"$(inherited)",
					"@executable_path/Frameworks",
				);
				MARKETING_VERSION = 1.0;
				PRODUCT_BUNDLE_IDENTIFIER = lynxpoint.Landmarks;
				PRODUCT_NAME = "$(TARGET_NAME)";
				SWIFT_EMIT_LOC_STRINGS = YES;
				SWIFT_VERSION = 5.0;
				TARGETED_DEVICE_FAMILY = "1,2";
			};
			name = Debug;
		};
		DC9200C82B69B5E80029F569 /* Release */ = {
			isa = XCBuildConfiguration;
			buildSettings = {
				ASSETCATALOG_COMPILER_APPICON_NAME = AppIcon;
				ASSETCATALOG_COMPILER_GLOBAL_ACCENT_COLOR_NAME = AccentColor;
				CODE_SIGN_STYLE = Automatic;
				CURRENT_PROJECT_VERSION = 1;
				DEVELOPMENT_ASSET_PATHS = "\"Landmarks/Preview Content\"";
				DEVELOPMENT_TEAM = W6RE5A969R;
				ENABLE_PREVIEWS = YES;
				GENERATE_INFOPLIST_FILE = YES;
				INFOPLIST_KEY_UIApplicationSceneManifest_Generation = YES;
				INFOPLIST_KEY_UIApplicationSupportsIndirectInputEvents = YES;
				INFOPLIST_KEY_UILaunchScreen_Generation = YES;
				INFOPLIST_KEY_UISupportedInterfaceOrientations_iPad = "UIInterfaceOrientationPortrait UIInterfaceOrientationPortraitUpsideDown UIInterfaceOrientationLandscapeLeft UIInterfaceOrientationLandscapeRight";
				INFOPLIST_KEY_UISupportedInterfaceOrientations_iPhone = "UIInterfaceOrientationPortrait UIInterfaceOrientationLandscapeLeft UIInterfaceOrientationLandscapeRight";
				LD_RUNPATH_SEARCH_PATHS = (
					"$(inherited)",
					"@executable_path/Frameworks",
				);
				MARKETING_VERSION = 1.0;
				PRODUCT_BUNDLE_IDENTIFIER = lynxpoint.Landmarks;
				PRODUCT_NAME = "$(TARGET_NAME)";
				SWIFT_EMIT_LOC_STRINGS = YES;
				SWIFT_VERSION = 5.0;
				TARGETED_DEVICE_FAMILY = "1,2";
			};
			name = Release;
		};
		DC9200CA2B69B5E80029F569 /* Debug */ = {
			isa = XCBuildConfiguration;
			buildSettings = {
				ALWAYS_EMBED_SWIFT_STANDARD_LIBRARIES = YES;
				BUNDLE_LOADER = "$(TEST_HOST)";
				CODE_SIGN_STYLE = Automatic;
				CURRENT_PROJECT_VERSION = 1;
				DEVELOPMENT_TEAM = W6RE5A969R;
				GENERATE_INFOPLIST_FILE = YES;
				IPHONEOS_DEPLOYMENT_TARGET = 17.2;
				MARKETING_VERSION = 1.0;
				PRODUCT_BUNDLE_IDENTIFIER = lynxpoint.LandmarksTests;
				PRODUCT_NAME = "$(TARGET_NAME)";
				SWIFT_EMIT_LOC_STRINGS = NO;
				SWIFT_VERSION = 5.0;
				TARGETED_DEVICE_FAMILY = "1,2";
				TEST_HOST = "$(BUILT_PRODUCTS_DIR)/Landmarks.app/$(BUNDLE_EXECUTABLE_FOLDER_PATH)/Landmarks";
			};
			name = Debug;
		};
		DC9200CB2B69B5E80029F569 /* Release */ = {
			isa = XCBuildConfiguration;
			buildSettings = {
				ALWAYS_EMBED_SWIFT_STANDARD_LIBRARIES = YES;
				BUNDLE_LOADER = "$(TEST_HOST)";
				CODE_SIGN_STYLE = Automatic;
				CURRENT_PROJECT_VERSION = 1;
				DEVELOPMENT_TEAM = W6RE5A969R;
				GENERATE_INFOPLIST_FILE = YES;
				IPHONEOS_DEPLOYMENT_TARGET = 17.2;
				MARKETING_VERSION = 1.0;
				PRODUCT_BUNDLE_IDENTIFIER = lynxpoint.LandmarksTests;
				PRODUCT_NAME = "$(TARGET_NAME)";
				SWIFT_EMIT_LOC_STRINGS = NO;
				SWIFT_VERSION = 5.0;
				TARGETED_DEVICE_FAMILY = "1,2";
				TEST_HOST = "$(BUILT_PRODUCTS_DIR)/Landmarks.app/$(BUNDLE_EXECUTABLE_FOLDER_PATH)/Landmarks";
			};
			name = Release;
		};
		DC9200CD2B69B5E80029F569 /* Debug */ = {
			isa = XCBuildConfiguration;
			buildSettings = {
				ALWAYS_EMBED_SWIFT_STANDARD_LIBRARIES = YES;
				CODE_SIGN_STYLE = Automatic;
				CURRENT_PROJECT_VERSION = 1;
				DEVELOPMENT_TEAM = W6RE5A969R;
				GENERATE_INFOPLIST_FILE = YES;
				MARKETING_VERSION = 1.0;
				PRODUCT_BUNDLE_IDENTIFIER = lynxpoint.LandmarksUITests;
				PRODUCT_NAME = "$(TARGET_NAME)";
				SWIFT_EMIT_LOC_STRINGS = NO;
				SWIFT_VERSION = 5.0;
				TARGETED_DEVICE_FAMILY = "1,2";
				TEST_TARGET_NAME = Landmarks;
			};
			name = Debug;
		};
		DC9200CE2B69B5E80029F569 /* Release */ = {
			isa = XCBuildConfiguration;
			buildSettings = {
				ALWAYS_EMBED_SWIFT_STANDARD_LIBRARIES = YES;
				CODE_SIGN_STYLE = Automatic;
				CURRENT_PROJECT_VERSION = 1;
				DEVELOPMENT_TEAM = W6RE5A969R;
				GENERATE_INFOPLIST_FILE = YES;
				MARKETING_VERSION = 1.0;
				PRODUCT_BUNDLE_IDENTIFIER = lynxpoint.LandmarksUITests;
				PRODUCT_NAME = "$(TARGET_NAME)";
				SWIFT_EMIT_LOC_STRINGS = NO;
				SWIFT_VERSION = 5.0;
				TARGETED_DEVICE_FAMILY = "1,2";
				TEST_TARGET_NAME = Landmarks;
			};
			name = Release;
		};
/* End XCBuildConfiguration section */

/* Begin XCConfigurationList section */
		DC92009D2B69B5E60029F569 /* Build configuration list for PBXProject "Landmarks" */ = {
			isa = XCConfigurationList;
			buildConfigurations = (
				DC9200C42B69B5E80029F569 /* Debug */,
				DC9200C52B69B5E80029F569 /* Release */,
			);
			defaultConfigurationIsVisible = 0;
			defaultConfigurationName = Release;
		};
		DC9200C62B69B5E80029F569 /* Build configuration list for PBXNativeTarget "Landmarks" */ = {
			isa = XCConfigurationList;
			buildConfigurations = (
				DC9200C72B69B5E80029F569 /* Debug */,
				DC9200C82B69B5E80029F569 /* Release */,
			);
			defaultConfigurationIsVisible = 0;
			defaultConfigurationName = Release;
		};
		DC9200C92B69B5E80029F569 /* Build configuration list for PBXNativeTarget "LandmarksTests" */ = {
			isa = XCConfigurationList;
			buildConfigurations = (
				DC9200CA2B69B5E80029F569 /* Debug */,
				DC9200CB2B69B5E80029F569 /* Release */,
			);
			defaultConfigurationIsVisible = 0;
			defaultConfigurationName = Release;
		};
		DC9200CC2B69B5E80029F569 /* Build configuration list for PBXNativeTarget "LandmarksUITests" */ = {
			isa = XCConfigurationList;
			buildConfigurations = (
				DC9200CD2B69B5E80029F569 /* Debug */,
				DC9200CE2B69B5E80029F569 /* Release */,
			);
			defaultConfigurationIsVisible = 0;
			defaultConfigurationName = Release;
		};
/* End XCConfigurationList section */
	};
	rootObject = DC92009A2B69B5E60029F569 /* Project object */;
}
